
Microsoft Visual Studio Solution File, Format Version 12.00
# Visual Studio 15
Project("{FAE04EC0-301F-11D3-BF4B-00C04F79EFBC}") = "Finance.Android", "Finance.Android\Finance.Android.csproj", "{01F0BE2C-4C2D-4AC1-B976-02D10EB3C1C7}"
EndProject
Project("{FAE04EC0-301F-11D3-BF4B-00C04F79EFBC}") = "Finance.iOS", "Finance.iOS\Finance.iOS.csproj", "{2A47D5DD-CED9-42AF-BC82-22E464E89543}"
EndProject
Project("{FAE04EC0-301F-11D3-BF4B-00C04F79EFBC}") = "Finance", "Finance\Finance.csproj", "{5050C220-613A-4FF3-A830-A0188BFF044D}"
EndProject
Global
	GlobalSection(SolutionConfigurationPlatforms) = preSolution
		Debug|Any CPU = Debug|Any CPU
		Release|Any CPU = Release|Any CPU
		Debug|iPhoneSimulator = Debug|iPhoneSimulator
		Release|iPhoneSimulator = Release|iPhoneSimulator
		Debug|iPhone = Debug|iPhone
		Release|iPhone = Release|iPhone
		Ad-Hoc|iPhone = Ad-Hoc|iPhone
		AppStore|iPhone = AppStore|iPhone
	EndGlobalSection
	GlobalSection(ProjectConfigurationPlatforms) = postSolution
		{01F0BE2C-4C2D-4AC1-B976-02D10EB3C1C7}.Debug|Any CPU.ActiveCfg = Debug|Any CPU
		{01F0BE2C-4C2D-4AC1-B976-02D10EB3C1C7}.Debug|Any CPU.Build.0 = Debug|Any CPU
		{01F0BE2C-4C2D-4AC1-B976-02D10EB3C1C7}.Release|Any CPU.ActiveCfg = Release|Any CPU
		{01F0BE2C-4C2D-4AC1-B976-02D10EB3C1C7}.Release|Any CPU.Build.0 = Release|Any CPU
		{01F0BE2C-4C2D-4AC1-B976-02D10EB3C1C7}.Debug|iPhoneSimulator.ActiveCfg = Debug|Any CPU
		{01F0BE2C-4C2D-4AC1-B976-02D10EB3C1C7}.Debug|iPhoneSimulator.Build.0 = Debug|Any CPU
		{01F0BE2C-4C2D-4AC1-B976-02D10EB3C1C7}.Release|iPhoneSimulator.ActiveCfg = Release|Any CPU
		{01F0BE2C-4C2D-4AC1-B976-02D10EB3C1C7}.Release|iPhoneSimulator.Build.0 = Release|Any CPU
		{01F0BE2C-4C2D-4AC1-B976-02D10EB3C1C7}.Debug|iPhone.ActiveCfg = Debug|Any CPU
		{01F0BE2C-4C2D-4AC1-B976-02D10EB3C1C7}.Debug|iPhone.Build.0 = Debug|Any CPU
		{01F0BE2C-4C2D-4AC1-B976-02D10EB3C1C7}.Release|iPhone.ActiveCfg = Release|Any CPU
		{01F0BE2C-4C2D-4AC1-B976-02D10EB3C1C7}.Release|iPhone.Build.0 = Release|Any CPU
		{01F0BE2C-4C2D-4AC1-B976-02D10EB3C1C7}.Ad-Hoc|iPhone.ActiveCfg = Debug|Any CPU
		{01F0BE2C-4C2D-4AC1-B976-02D10EB3C1C7}.Ad-Hoc|iPhone.Build.0 = Debug|Any CPU
		{01F0BE2C-4C2D-4AC1-B976-02D10EB3C1C7}.AppStore|iPhone.ActiveCfg = Debug|Any CPU
		{01F0BE2C-4C2D-4AC1-B976-02D10EB3C1C7}.AppStore|iPhone.Build.0 = Debug|Any CPU
		{2A47D5DD-CED9-42AF-BC82-22E464E89543}.Debug|Any CPU.ActiveCfg = Debug|iPhoneSimulator
		{2A47D5DD-CED9-42AF-BC82-22E464E89543}.Debug|Any CPU.Build.0 = Debug|iPhoneSimulator
		{2A47D5DD-CED9-42AF-BC82-22E464E89543}.Release|Any CPU.ActiveCfg = Release|iPhoneSimulator
		{2A47D5DD-CED9-42AF-BC82-22E464E89543}.Release|Any CPU.Build.0 = Release|iPhoneSimulator
		{2A47D5DD-CED9-42AF-BC82-22E464E89543}.Debug|iPhoneSimulator.ActiveCfg = Debug|iPhoneSimulator
		{2A47D5DD-CED9-42AF-BC82-22E464E89543}.Debug|iPhoneSimulator.Build.0 = Debug|iPhoneSimulator
		{2A47D5DD-CED9-42AF-BC82-22E464E89543}.Release|iPhoneSimulator.ActiveCfg = Release|iPhoneSimulator
		{2A47D5DD-CED9-42AF-BC82-22E464E89543}.Release|iPhoneSimulator.Build.0 = Release|iPhoneSimulator
		{2A47D5DD-CED9-42AF-BC82-22E464E89543}.Debug|iPhone.ActiveCfg = Debug|iPhone
		{2A47D5DD-CED9-42AF-BC82-22E464E89543}.Debug|iPhone.Build.0 = Debug|iPhone
		{2A47D5DD-CED9-42AF-BC82-22E464E89543}.Release|iPhone.ActiveCfg = Release|iPhone
		{2A47D5DD-CED9-42AF-BC82-22E464E89543}.Release|iPhone.Build.0 = Release|iPhone
		{2A47D5DD-CED9-42AF-BC82-22E464E89543}.Ad-Hoc|iPhone.ActiveCfg = Ad-Hoc|iPhone
		{2A47D5DD-CED9-42AF-BC82-22E464E89543}.Ad-Hoc|iPhone.Build.0 = Ad-Hoc|iPhone
		{2A47D5DD-CED9-42AF-BC82-22E464E89543}.AppStore|iPhone.ActiveCfg = AppStore|iPhone
		{2A47D5DD-CED9-42AF-BC82-22E464E89543}.AppStore|iPhone.Build.0 = AppStore|iPhone
		{5050C220-613A-4FF3-A830-A0188BFF044D}.Debug|Any CPU.ActiveCfg = Debug|Any CPU
		{5050C220-613A-4FF3-A830-A0188BFF044D}.Debug|Any CPU.Build.0 = Debug|Any CPU
		{5050C220-613A-4FF3-A830-A0188BFF044D}.Release|Any CPU.ActiveCfg = Release|Any CPU
		{5050C220-613A-4FF3-A830-A0188BFF044D}.Release|Any CPU.Build.0 = Release|Any CPU
		{5050C220-613A-4FF3-A830-A0188BFF044D}.Debug|iPhoneSimulator.ActiveCfg = Debug|Any CPU
		{5050C220-613A-4FF3-A830-A0188BFF044D}.Debug|iPhoneSimulator.Build.0 = Debug|Any CPU
		{5050C220-613A-4FF3-A830-A0188BFF044D}.Release|iPhoneSimulator.ActiveCfg = Release|Any CPU
		{5050C220-613A-4FF3-A830-A0188BFF044D}.Release|iPhoneSimulator.Build.0 = Release|Any CPU
		{5050C220-613A-4FF3-A830-A0188BFF044D}.Debug|iPhone.ActiveCfg = Debug|Any CPU
		{5050C220-613A-4FF3-A830-A0188BFF044D}.Debug|iPhone.Build.0 = Debug|Any CPU
		{5050C220-613A-4FF3-A830-A0188BFF044D}.Release|iPhone.ActiveCfg = Release|Any CPU
		{5050C220-613A-4FF3-A830-A0188BFF044D}.Release|iPhone.Build.0 = Release|Any CPU
		{5050C220-613A-4FF3-A830-A0188BFF044D}.Ad-Hoc|iPhone.ActiveCfg = Debug|Any CPU
		{5050C220-613A-4FF3-A830-A0188BFF044D}.Ad-Hoc|iPhone.Build.0 = Debug|Any CPU
		{5050C220-613A-4FF3-A830-A0188BFF044D}.AppStore|iPhone.ActiveCfg = Debug|Any CPU
		{5050C220-613A-4FF3-A830-A0188BFF044D}.AppStore|iPhone.Build.0 = Debug|Any CPU
	EndGlobalSection
EndGlobal
